
Microsoft Visual Studio Solution File, Format Version 12.00
# Visual Studio Version 16
VisualStudioVersion = 16.0.29728.190
MinimumVisualStudioVersion = 10.0.40219.1
Project("{FAE04EC0-301F-11D3-BF4B-00C04F79EFBC}") = "ChatRoomServer", "ChatRoomServer\ChatRoomServer.csproj", "{ADBC52E2-835E-46E0-8FFB-6A0F16A0AE44}"
EndProject
Global
	GlobalSection(SolutionConfigurationPlatforms) = preSolution
		Debug|Any CPU = Debug|Any CPU
		Release|Any CPU = Release|Any CPU
	EndGlobalSection
	GlobalSection(ProjectConfigurationPlatforms) = postSolution
		{ADBC52E2-835E-46E0-8FFB-6A0F16A0AE44}.Debug|Any CPU.ActiveCfg = Debug|Any CPU
		{ADBC52E2-835E-46E0-8FFB-6A0F16A0AE44}.Debug|Any CPU.Build.0 = Debug|Any CPU
		{ADBC52E2-835E-46E0-8FFB-6A0F16A0AE44}.Release|Any CPU.ActiveCfg = Release|Any CPU
		{ADBC52E2-835E-46E0-8FFB-6A0F16A0AE44}.Release|Any CPU.Build.0 = Release|Any CPU
	EndGlobalSection
	GlobalSection(SolutionProperties) = preSolution
		HideSolutionNode = FALSE
	EndGlobalSection
	GlobalSection(ExtensibilityGlobals) = postSolution
		SolutionGuid = {86E01CA5-A26E-415C-8C49-B9F3DD859A6F}
	EndGlobalSection
EndGlobal
